// !$*UTF8*$!
{
	archiveVersion = 1;
	classes = {
	};
	objectVersion = 54;
	objects = {

/* Begin PBXBuildFile section */
		100000000000000000000011 /* main.m in Sources */ = {isa = PBXBuildFile; fileRef = 100000000000000000000010 /* main.m */; };
		100000000000000000000014 /* GoNativeRenderer.m in Sources */ = {isa = PBXBuildFile; fileRef = 100000000000000000000013 /* GoNativeRenderer.m */; };
/* End PBXBuildFile section */

/* Begin PBXFileReference section */
		100000000000000000000003 /* my-project.app */ = {isa = PBXFileReference; explicitFileType = wrapper.application; includeInIndex = 0; path = "my-project.app"; sourceTree = BUILT_PRODUCTS_DIR; };
		100000000000000000000010 /* main.m */ = {isa = PBXFileReference; lastKnownFileType = sourcecode.c.objc; path = main.m; sourceTree = "<group>"; };
		100000000000000000000012 /* GoNativeRenderer.h */ = {isa = PBXFileReference; lastKnownFileType = sourcecode.c.h; path = GoNativeRenderer.h; sourceTree = "<group>"; };
		100000000000000000000013 /* GoNativeRenderer.m */ = {isa = PBXFileReference; lastKnownFileType = sourcecode.c.objc; path = GoNativeRenderer.m; sourceTree = "<group>"; };
		100000000000000000000015 /* Info.plist */ = {isa = PBXFileReference; lastKnownFileType = text.plist.xml; path = Info.plist; sourceTree = "<group>"; };
/* End PBXFileReference section */

/* Begin PBXFrameworksBuildPhase section */
		100000000000000000000006 /* Frameworks */ = {
			isa = PBXFrameworksBuildPhase;
			buildActionMask = 2147483647;
			files = (
			);
			runOnlyForDeploymentPostprocessing = 0;
		};
/* End PBXFrameworksBuildPhase section */

/* Begin PBXGroup section */
		100000000000000000000004 = {
			isa = PBXGroup;
			children = (
				100000000000000000000010 /* main.m */,
				100000000000000000000012 /* GoNativeRenderer.h */,
				100000000000000000000013 /* GoNativeRenderer.m */,
				100000000000000000000015 /* Info.plist */,
				100000000000000000000003 /* my-project.app */,
			);
			sourceTree = "<group>";
		};
/* End PBXGroup section */

/* Begin PBXNativeTarget section */
		100000000000000000000002 /* my-project */ = {
			isa = PBXNativeTarget;
			buildConfigurationList = 10000000000000000000000A /* Build configuration list for PBXNativeTarget "my-project" */;
			buildPhases = (
				100000000000000000000008 /* Build Go Native Bridge */,
				100000000000000000000005 /* Sources */,
				100000000000000000000006 /* Frameworks */,
				100000000000000000000007 /* Resources */,
			);
			buildRules = (
			);
			dependencies = (
			);
			name = "my-project";
			productName = "my-project";
			productReference = 100000000000000000000003 /* my-project.app */;
			productType = "com.apple.product-type.application";
		};
/* End PBXNativeTarget section */

/* Begin PBXProject section */
		100000000000000000000001 /* Project object */ = {
			isa = PBXProject;
			attributes = {
				BuildIndependentTargetsInParallel = 1;
				LastUpgradeCheck = 1500;
			};
			buildConfigurationList = 100000000000000000000009 /* Build configuration list for PBXProject "my-project" */;
			compatibilityVersion = "Xcode 14.0";
			developmentRegion = en;
			hasScannedForEncodings = 0;
			knownRegions = (
				en,
				Base,
			);
			mainGroup = 100000000000000000000004;
			productRefGroup = 100000000000000000000004;
			projectDirPath = "";
			projectRoot = "";
			targets = (
				100000000000000000000002 /* my-project */,
			);
		};
/* End PBXProject section */

/* Begin PBXResourcesBuildPhase section */
		100000000000000000000007 /* Resources */ = {
			isa = PBXResourcesBuildPhase;
			buildActionMask = 2147483647;
			files = (
			);
			runOnlyForDeploymentPostprocessing = 0;
		};
/* End PBXResourcesBuildPhase section */

/* Begin PBXShellScriptBuildPhase section */
		100000000000000000000008 /* Build Go Native Bridge */ = {
			isa = PBXShellScriptBuildPhase;
			buildActionMask = 2147483647;
			files = (
			);
			inputFileListPaths = (
			);
			inputPaths = (
			);
			name = "Build Go Native Bridge";
			outputFileListPaths = (
			);
			outputPaths = (
				"$(BUILT_PRODUCTS_DIR)/libcounter.a",
			);
			runOnlyForDeploymentPostprocessing = 0;
			shellPath = /bin/sh;
			shellScript = "export PATH=\"$PATH:/opt/homebrew/bin:/usr/local/bin:$HOME/go/bin\"\nexport GOCACHE=\"${SRCROOT}/../build/gocache\"\n\nif [ \"$PLATFORM_NAME\" = \"iphonesimulator\" ]; then\n    SDK_PATH=$(xcrun --sdk iphonesimulator --show-sdk-path)\n    export GOOS=ios\n    export GOARCH=arm64\n    export CGO_ENABLED=1\n    export CC=\"clang -target arm64-apple-ios15.0-simulator -isysroot $SDK_PATH\"\nelse\n    SDK_PATH=$(xcrun --sdk iphoneos --show-sdk-path)\n    export GOOS=ios\n    export GOARCH=arm64\n    export CGO_ENABLED=1\n    export CC=\"clang -target arm64-apple-ios15.0 -isysroot $SDK_PATH\"\nfi\n\nmkdir -p \"${BUILT_PRODUCTS_DIR}\"\ncd \"${SRCROOT}/..\"\ngo build -buildmode=c-archive -o \"${BUILT_PRODUCTS_DIR}/libcounter.a\" ./ios/bridge\n";
		};
/* End PBXShellScriptBuildPhase section */

/* Begin PBXSourcesBuildPhase section */
		100000000000000000000005 /* Sources */ = {
			isa = PBXSourcesBuildPhase;
			buildActionMask = 2147483647;
			files = (
				100000000000000000000011 /* main.m in Sources */,
				100000000000000000000014 /* GoNativeRenderer.m in Sources */,
			);
			runOnlyForDeploymentPostprocessing = 0;
		};
/* End PBXSourcesBuildPhase section */

/* Begin XCBuildConfiguration section */
		10000000000000000000000B /* Debug */ = {
			isa = XCBuildConfiguration;
			buildSettings = {
				ALWAYS_SEARCH_USER_PATHS = NO;
				CLANG_ANALYZER_NONNULL = YES;
				CLANG_CXX_LANGUAGE_STANDARD = "gnu++20";
				CLANG_ENABLE_MODULES = YES;
				CLANG_ENABLE_OBJC_ARC = YES;
				CODE_SIGN_STYLE = Automatic;
				DEAD_CODE_STRIPPING = YES;
				DEBUG_INFORMATION_FORMAT = dwarf;
				ENABLE_STRICT_OBJC_MSGSEND = YES;
				ENABLE_TESTABILITY = YES;
				GCC_DYNAMIC_NO_PIC = NO;
				GCC_NO_COMMON_BLOCKS = YES;
				GCC_OPTIMIZATION_LEVEL = 0;
				GCC_PREPROCESSOR_DEFINITIONS = (
					"DEBUG=1",
					"$(inherited)",
				);
				IPHONEOS_DEPLOYMENT_TARGET = 15.0;
				MTL_ENABLE_DEBUG_INFO = INCLUDE_SOURCE;
				ONLY_ACTIVE_ARCH = YES;
				SDKROOT = iphoneos;
			};
			name = Debug;
		};
		10000000000000000000000C /* Release */ = {
			isa = XCBuildConfiguration;
			buildSettings = {
				ALWAYS_SEARCH_USER_PATHS = NO;
				CLANG_ANALYZER_NONNULL = YES;
				CLANG_CXX_LANGUAGE_STANDARD = "gnu++20";
				CLANG_ENABLE_MODULES = YES;
				CLANG_ENABLE_OBJC_ARC = YES;
				CODE_SIGN_STYLE = Automatic;
				DEAD_CODE_STRIPPING = YES;
				DEBUG_INFORMATION_FORMAT = "dwarf-with-dsym";
				ENABLE_NS_ASSERTIONS = NO;
				ENABLE_STRICT_OBJC_MSGSEND = YES;
				GCC_NO_COMMON_BLOCKS = YES;
				IPHONEOS_DEPLOYMENT_TARGET = 15.0;
				MTL_ENABLE_DEBUG_INFO = NO;
				SDKROOT = iphoneos;
				VALIDATE_PRODUCT = YES;
			};
			name = Release;
		};
		10000000000000000000000D /* Debug */ = {
			isa = XCBuildConfiguration;
			buildSettings = {
				ASSETCATALOG_COMPILER_APPICON_NAME = AppIcon;
				CODE_SIGN_STYLE = Automatic;
				CURRENT_PROJECT_VERSION = 1;
				GENERATE_INFOPLIST_FILE = NO;
				HEADER_SEARCH_PATHS = (
					"$(BUILT_PRODUCTS_DIR)",
					"$(SRCROOT)",
				);
				INFOPLIST_FILE = Info.plist;
				IPHONEOS_DEPLOYMENT_TARGET = 15.0;
				LD_RUNPATH_SEARCH_PATHS = (
					"$(inherited)",
					"@executable_path/Frameworks",
				);
				LIBRARY_SEARCH_PATHS = (
					"$(inherited)",
					"$(BUILT_PRODUCTS_DIR)",
				);
				MARKETING_VERSION = 0.1;
				OTHER_LDFLAGS = (
					"-lcounter",
					"-framework",
					"UIKit",
					"-framework",
					"Foundation",
					"-framework",
					"CoreGraphics",
				);
				PRODUCT_BUNDLE_IDENTIFIER = "dev.gonative.my_project";
				PRODUCT_NAME = "$(TARGET_NAME)";
				SWIFT_EMIT_LOC_STRINGS = YES;
				TARGETED_DEVICE_FAMILY = "1,2";
			};
			name = Debug;
		};
		10000000000000000000000E /* Release */ = {
			isa = XCBuildConfiguration;
			buildSettings = {
				ASSETCATALOG_COMPILER_APPICON_NAME = AppIcon;
				CODE_SIGN_STYLE = Automatic;
				CURRENT_PROJECT_VERSION = 1;
				GENERATE_INFOPLIST_FILE = NO;
				HEADER_SEARCH_PATHS = (
					"$(BUILT_PRODUCTS_DIR)",
					"$(SRCROOT)",
				);
				INFOPLIST_FILE = Info.plist;
				IPHONEOS_DEPLOYMENT_TARGET = 15.0;
				LD_RUNPATH_SEARCH_PATHS = (
					"$(inherited)",
					"@executable_path/Frameworks",
				);
				LIBRARY_SEARCH_PATHS = (
					"$(inherited)",
					"$(BUILT_PRODUCTS_DIR)",
				);
				MARKETING_VERSION = 0.1;
				OTHER_LDFLAGS = (
					"-lcounter",
					"-framework",
					"UIKit",
					"-framework",
					"Foundation",
					"-framework",
					"CoreGraphics",
				);
				PRODUCT_BUNDLE_IDENTIFIER = "dev.gonative.my_project";
				PRODUCT_NAME = "$(TARGET_NAME)";
				SWIFT_EMIT_LOC_STRINGS = YES;
				TARGETED_DEVICE_FAMILY = "1,2";
			};
			name = Release;
		};
/* End XCBuildConfiguration section */

/* Begin XCConfigurationList section */
		100000000000000000000009 /* Build configuration list for PBXProject "my-project" */ = {
			isa = XCConfigurationList;
			buildConfigurations = (
				10000000000000000000000B /* Debug */,
				10000000000000000000000C /* Release */,
			);
			defaultConfigurationIsVisible = 0;
			defaultConfigurationName = Release;
		};
		10000000000000000000000A /* Build configuration list for PBXNativeTarget "my-project" */ = {
			isa = XCConfigurationList;
			buildConfigurations = (
				10000000000000000000000D /* Debug */,
				10000000000000000000000E /* Release */,
			);
			defaultConfigurationIsVisible = 0;
			defaultConfigurationName = Release;
		};
/* End XCConfigurationList section */

	};
	rootObject = 100000000000000000000001 /* Project object */;
}
